{
  "meteor": {},
  "dependencies": {
    "basePackages": {
      "luma-api": {
        "path": ".."
      }
    },
    "packages": {
      "luma-api": {
        "path": ".."
      },
      "postgresql": {
        "git": "https://github.com/austinrivas/meteor-postgresql",
        "tag": "v2.11.3",
        "commit": "f2d43b1a5b57c67ca1546c3a67535e89d791cb2b"
      },
      "bookshelf": {
        "git": "https://github.com/austinrivas/meteor-bookshelf",
        "tag": "v0.6.10",
        "commit": "3badaf958d164cdbc63cbbe6930a24738ec38267"
      },
      "npm": {
        "git": "https://github.com/arunoda/meteor-npm.git",
        "tag": "v0.2.6",
        "commit": "177ab6118de5bf8cffb19481343d5762ff7a2aaf"
      },
      "mixen": {
        "git": "https://github.com/austinrivas/meteor-mixen",
        "tag": "v0.0.3",
        "commit": "02869674a6218a21504a95800e4c5b2609fbedb5"
      }
    }
  }
}
